
Microsoft Visual Studio Solution File, Format Version 12.00
# Visual Studio Version 16
VisualStudioVersion = 16.0.30717.126
MinimumVisualStudioVersion = 10.0.40219.1
Project("{FAE04EC0-301F-11D3-BF4B-00C04F79EFBC}") = "PresentationLayer", "PresentationLayer\PresentationLayer.csproj", "{D08F8478-E35A-49FC-A8F0-4CC4DBE746C3}"
EndProject
Project("{FAE04EC0-301F-11D3-BF4B-00C04F79EFBC}") = "DataLayer", "DataLayer\DataLayer.csproj", "{34E90870-250E-4283-A8F5-002AD51DE98C}"
EndProject
Project("{FAE04EC0-301F-11D3-BF4B-00C04F79EFBC}") = "BusinessLayer", "BusinessLayer\BusinessLayer.csproj", "{4FB347F8-EABD-44DD-89E4-854285C492D6}"
EndProject
Global
	GlobalSection(SolutionConfigurationPlatforms) = preSolution
		Debug|Any CPU = Debug|Any CPU
		Release|Any CPU = Release|Any CPU
	EndGlobalSection
	GlobalSection(ProjectConfigurationPlatforms) = postSolution
		{D08F8478-E35A-49FC-A8F0-4CC4DBE746C3}.Debug|Any CPU.ActiveCfg = Debug|Any CPU
		{D08F8478-E35A-49FC-A8F0-4CC4DBE746C3}.Debug|Any CPU.Build.0 = Debug|Any CPU
		{D08F8478-E35A-49FC-A8F0-4CC4DBE746C3}.Release|Any CPU.ActiveCfg = Release|Any CPU
		{D08F8478-E35A-49FC-A8F0-4CC4DBE746C3}.Release|Any CPU.Build.0 = Release|Any CPU
		{34E90870-250E-4283-A8F5-002AD51DE98C}.Debug|Any CPU.ActiveCfg = Debug|Any CPU
		{34E90870-250E-4283-A8F5-002AD51DE98C}.Debug|Any CPU.Build.0 = Debug|Any CPU
		{34E90870-250E-4283-A8F5-002AD51DE98C}.Release|Any CPU.ActiveCfg = Release|Any CPU
		{34E90870-250E-4283-A8F5-002AD51DE98C}.Release|Any CPU.Build.0 = Release|Any CPU
		{4FB347F8-EABD-44DD-89E4-854285C492D6}.Debug|Any CPU.ActiveCfg = Debug|Any CPU
		{4FB347F8-EABD-44DD-89E4-854285C492D6}.Debug|Any CPU.Build.0 = Debug|Any CPU
		{4FB347F8-EABD-44DD-89E4-854285C492D6}.Release|Any CPU.ActiveCfg = Release|Any CPU
		{4FB347F8-EABD-44DD-89E4-854285C492D6}.Release|Any CPU.Build.0 = Release|Any CPU
	EndGlobalSection
	GlobalSection(SolutionProperties) = preSolution
		HideSolutionNode = FALSE
	EndGlobalSection
	GlobalSection(ExtensibilityGlobals) = postSolution
		SolutionGuid = {E7C85DEA-1FFD-4ECE-927B-9CE120212ECD}
	EndGlobalSection
EndGlobal
