
Microsoft Visual Studio Solution File, Format Version 12.00
# Visual Studio Version 16
VisualStudioVersion = 16.0.30717.126
MinimumVisualStudioVersion = 10.0.40219.1
Project("{FAE04EC0-301F-11D3-BF4B-00C04F79EFBC}") = "PresentationLayerWeb", "PresentationLayerWeb\PresentationLayerWeb.csproj", "{E9A984F9-5998-4287-ACA5-9FFBFD9DE3D0}"
EndProject
Project("{FAE04EC0-301F-11D3-BF4B-00C04F79EFBC}") = "DataLayer", "DataLayer\DataLayer.csproj", "{48A2AF0C-CFA8-42A2-93C7-A9347AC329C0}"
EndProject
Project("{FAE04EC0-301F-11D3-BF4B-00C04F79EFBC}") = "BusinessLayer", "CarBusiness\BusinessLayer.csproj", "{C0F34566-69A7-4D06-8653-D19A77121D82}"
EndProject
Global
	GlobalSection(SolutionConfigurationPlatforms) = preSolution
		Debug|Any CPU = Debug|Any CPU
		Release|Any CPU = Release|Any CPU
	EndGlobalSection
	GlobalSection(ProjectConfigurationPlatforms) = postSolution
		{E9A984F9-5998-4287-ACA5-9FFBFD9DE3D0}.Debug|Any CPU.ActiveCfg = Debug|Any CPU
		{E9A984F9-5998-4287-ACA5-9FFBFD9DE3D0}.Debug|Any CPU.Build.0 = Debug|Any CPU
		{E9A984F9-5998-4287-ACA5-9FFBFD9DE3D0}.Release|Any CPU.ActiveCfg = Release|Any CPU
		{E9A984F9-5998-4287-ACA5-9FFBFD9DE3D0}.Release|Any CPU.Build.0 = Release|Any CPU
		{48A2AF0C-CFA8-42A2-93C7-A9347AC329C0}.Debug|Any CPU.ActiveCfg = Debug|Any CPU
		{48A2AF0C-CFA8-42A2-93C7-A9347AC329C0}.Debug|Any CPU.Build.0 = Debug|Any CPU
		{48A2AF0C-CFA8-42A2-93C7-A9347AC329C0}.Release|Any CPU.ActiveCfg = Release|Any CPU
		{48A2AF0C-CFA8-42A2-93C7-A9347AC329C0}.Release|Any CPU.Build.0 = Release|Any CPU
		{C0F34566-69A7-4D06-8653-D19A77121D82}.Debug|Any CPU.ActiveCfg = Debug|Any CPU
		{C0F34566-69A7-4D06-8653-D19A77121D82}.Debug|Any CPU.Build.0 = Debug|Any CPU
		{C0F34566-69A7-4D06-8653-D19A77121D82}.Release|Any CPU.ActiveCfg = Release|Any CPU
		{C0F34566-69A7-4D06-8653-D19A77121D82}.Release|Any CPU.Build.0 = Release|Any CPU
	EndGlobalSection
	GlobalSection(SolutionProperties) = preSolution
		HideSolutionNode = FALSE
	EndGlobalSection
	GlobalSection(ExtensibilityGlobals) = postSolution
		SolutionGuid = {B64D313D-BC38-4DBE-923B-C56702A7772D}
	EndGlobalSection
EndGlobal
